
Microsoft Visual Studio Solution File, Format Version 12.00
# Visual Studio Version 17
VisualStudioVersion = 17.14.36109.1 d17.14
MinimumVisualStudioVersion = 10.0.40219.1
Project("{FAE04EC0-301F-11D3-BF4B-00C04F79EFBC}") = "Act1_Seguridad", "Act1_Seguridad\Act1_Seguridad.csproj", "{3799E7B4-10EB-4CEC-8A18-25F3813211C6}"
EndProject
Project("{FAE04EC0-301F-11D3-BF4B-00C04F79EFBC}") = "Domain", "Domain\Domain.csproj", "{6F3BB6F9-B87B-405A-B941-BCB838FF8450}"
EndProject
Global
	GlobalSection(SolutionConfigurationPlatforms) = preSolution
		Debug|Any CPU = Debug|Any CPU
		Release|Any CPU = Release|Any CPU
	EndGlobalSection
	GlobalSection(ProjectConfigurationPlatforms) = postSolution
		{3799E7B4-10EB-4CEC-8A18-25F3813211C6}.Debug|Any CPU.ActiveCfg = Debug|Any CPU
		{3799E7B4-10EB-4CEC-8A18-25F3813211C6}.Debug|Any CPU.Build.0 = Debug|Any CPU
		{3799E7B4-10EB-4CEC-8A18-25F3813211C6}.Release|Any CPU.ActiveCfg = Release|Any CPU
		{3799E7B4-10EB-4CEC-8A18-25F3813211C6}.Release|Any CPU.Build.0 = Release|Any CPU
		{6F3BB6F9-B87B-405A-B941-BCB838FF8450}.Debug|Any CPU.ActiveCfg = Debug|Any CPU
		{6F3BB6F9-B87B-405A-B941-BCB838FF8450}.Debug|Any CPU.Build.0 = Debug|Any CPU
		{6F3BB6F9-B87B-405A-B941-BCB838FF8450}.Release|Any CPU.ActiveCfg = Release|Any CPU
		{6F3BB6F9-B87B-405A-B941-BCB838FF8450}.Release|Any CPU.Build.0 = Release|Any CPU
	EndGlobalSection
	GlobalSection(SolutionProperties) = preSolution
		HideSolutionNode = FALSE
	EndGlobalSection
	GlobalSection(ExtensibilityGlobals) = postSolution
		SolutionGuid = {8B9BE879-974B-410F-B67F-23247A31B6AA}
	EndGlobalSection
EndGlobal
